// !$*UTF8*$!
{
	archiveVersion = 1;
	classes = {
	};
	objectVersion = 46;
	objects = {

/* Begin PBXBuildFile section */
		A95F9A1315ABCBE50069332A /* Icon.png in Resources */ = {isa = PBXBuildFile; fileRef = A95F9A1215ABCBE50069332A /* Icon.png */; };
		A95F9A1515ABCBEF0069332A /* Icon@2x.png in Resources */ = {isa = PBXBuildFile; fileRef = A95F9A1415ABCBEF0069332A /* Icon@2x.png */; };
		A95F9A3515ABF0710069332A /* 07-map-marker.png in Resources */ = {isa = PBXBuildFile; fileRef = A95F9A2015ABF0710069332A /* 07-map-marker.png */; };
		A95F9A3615ABF0710069332A /* 08-chat.png in Resources */ = {isa = PBXBuildFile; fileRef = A95F9A2115ABF0710069332A /* 08-chat.png */; };
		A95F9A3715ABF0710069332A /* 103-map.png in Resources */ = {isa = PBXBuildFile; fileRef = A95F9A2215ABF0710069332A /* 103-map.png */; };
		A95F9A3815ABF0710069332A /* 111-user.png in Resources */ = {isa = PBXBuildFile; fileRef = A95F9A2315ABF0710069332A /* 111-user.png */; };
		A95F9A3915ABF0710069332A /* 112-group.png in Resources */ = {isa = PBXBuildFile; fileRef = A95F9A2415ABF0710069332A /* 112-group.png */; };
		A95F9A3A15ABF0710069332A /* 113-navigation.png in Resources */ = {isa = PBXBuildFile; fileRef = A95F9A2515ABF0710069332A /* 113-navigation.png */; };
		A95F9A3B15ABF0710069332A /* 122-stats.png in Resources */ = {isa = PBXBuildFile; fileRef = A95F9A2615ABF0710069332A /* 122-stats.png */; };
		A95F9A3C15ABF0710069332A /* 139-flags.png in Resources */ = {isa = PBXBuildFile; fileRef = A95F9A2715ABF0710069332A /* 139-flags.png */; };
		A95F9A3D15ABF0710069332A /* 167-upload-photo.png in Resources */ = {isa = PBXBuildFile; fileRef = A95F9A2815ABF0710069332A /* 167-upload-photo.png */; };
		A95F9A3E15ABF0710069332A /* 193-location-arrow.png in Resources */ = {isa = PBXBuildFile; fileRef = A95F9A2915ABF0710069332A /* 193-location-arrow.png */; };
		A95F9A3F15ABF0710069332A /* 78-stopwatch.png in Resources */ = {isa = PBXBuildFile; fileRef = A95F9A2A15ABF0710069332A /* 78-stopwatch.png */; };
		A95F9A4015ABF0710069332A /* 81-dashboard.png in Resources */ = {isa = PBXBuildFile; fileRef = A95F9A2B15ABF0710069332A /* 81-dashboard.png */; };
		A95F9A4115ABF0710069332A /* 85-trophy.png in Resources */ = {isa = PBXBuildFile; fileRef = A95F9A2C15ABF0710069332A /* 85-trophy.png */; };
		A95F9A4215ABF0710069332A /* 86-camera.png in Resources */ = {isa = PBXBuildFile; fileRef = A95F9A2D15ABF0710069332A /* 86-camera.png */; };
		A95F9A4315ABF0710069332A /* close_button.png in Resources */ = {isa = PBXBuildFile; fileRef = A95F9A2E15ABF0710069332A /* close_button.png */; };
		A95F9A4415ABF0710069332A /* resort.jpeg in Resources */ = {isa = PBXBuildFile; fileRef = A95F9A2F15ABF0710069332A /* resort.jpeg */; };
		A95F9A4515ABF0710069332A /* resort.png in Resources */ = {isa = PBXBuildFile; fileRef = A95F9A3015ABF0710069332A /* resort.png */; };
		A95F9A4615ABF0710069332A /* Snowflake1.png in Resources */ = {isa = PBXBuildFile; fileRef = A95F9A3115ABF0710069332A /* Snowflake1.png */; };
		A95F9A4715ABF0710069332A /* start-icon.png in Resources */ = {isa = PBXBuildFile; fileRef = A95F9A3215ABF0710069332A /* start-icon.png */; };
		A95F9A4815ABF0710069332A /* stop-icon.png in Resources */ = {isa = PBXBuildFile; fileRef = A95F9A3315ABF0710069332A /* stop-icon.png */; };
		A95F9A4915ABF0710069332A /* user.jpeg in Resources */ = {isa = PBXBuildFile; fileRef = A95F9A3415ABF0710069332A /* user.jpeg */; };
		A95F9A5215ABF07B0069332A /* Icon-72.png in Resources */ = {isa = PBXBuildFile; fileRef = A95F9A4B15ABF07B0069332A /* Icon-72.png */; };
		A95F9A5315ABF07B0069332A /* Icon-72@2x.png in Resources */ = {isa = PBXBuildFile; fileRef = A95F9A4C15ABF07B0069332A /* Icon-72@2x.png */; };
		A95F9A5415ABF07B0069332A /* Icon-Small-50.png in Resources */ = {isa = PBXBuildFile; fileRef = A95F9A4D15ABF07B0069332A /* Icon-Small-50.png */; };
		A95F9A5515ABF07B0069332A /* Icon-Small.png in Resources */ = {isa = PBXBuildFile; fileRef = A95F9A4E15ABF07B0069332A /* Icon-Small.png */; };
		A95F9A5615ABF07B0069332A /* Icon-Small@2x.png in Resources */ = {isa = PBXBuildFile; fileRef = A95F9A4F15ABF07B0069332A /* Icon-Small@2x.png */; };
		A95F9A5715ABF07B0069332A /* Icon.png in Resources */ = {isa = PBXBuildFile; fileRef = A95F9A5015ABF07B0069332A /* Icon.png */; };
		A95F9A5815ABF07B0069332A /* Icon@2x.png in Resources */ = {isa = PBXBuildFile; fileRef = A95F9A5115ABF07B0069332A /* Icon@2x.png */; };
		A9B2A0F0151197980028430B /* SkiArray.m in Sources */ = {isa = PBXBuildFile; fileRef = A9B2A0EF151197980028430B /* SkiArray.m */; };
		A9B2A1081511A6940028430B /* skiRuns.plist in Resources */ = {isa = PBXBuildFile; fileRef = A9B2A1071511A6940028430B /* skiRuns.plist */; };
		A9BC2BA715106B230024D690 /* MapDetailViewController.m in Sources */ = {isa = PBXBuildFile; fileRef = A9BC2BA615106B230024D690 /* MapDetailViewController.m */; };
		A9BF7FA1150F057800DD5C4E /* UIKit.framework in Frameworks */ = {isa = PBXBuildFile; fileRef = A9BF7FA0150F057800DD5C4E /* UIKit.framework */; };
		A9BF7FA3150F057800DD5C4E /* Foundation.framework in Frameworks */ = {isa = PBXBuildFile; fileRef = A9BF7FA2150F057800DD5C4E /* Foundation.framework */; };
		A9BF7FA5150F057800DD5C4E /* CoreGraphics.framework in Frameworks */ = {isa = PBXBuildFile; fileRef = A9BF7FA4150F057800DD5C4E /* CoreGraphics.framework */; };
		A9BF7FAB150F057800DD5C4E /* InfoPlist.strings in Resources */ = {isa = PBXBuildFile; fileRef = A9BF7FA9150F057800DD5C4E /* InfoPlist.strings */; };
		A9BF7FAD150F057800DD5C4E /* main.m in Sources */ = {isa = PBXBuildFile; fileRef = A9BF7FAC150F057800DD5C4E /* main.m */; };
		A9BF7FB1150F057800DD5C4E /* AppDelegate.m in Sources */ = {isa = PBXBuildFile; fileRef = A9BF7FB0150F057800DD5C4E /* AppDelegate.m */; };
		A9BF7FB4150F057800DD5C4E /* MainStoryboard_iPhone.storyboard in Resources */ = {isa = PBXBuildFile; fileRef = A9BF7FB2150F057800DD5C4E /* MainStoryboard_iPhone.storyboard */; };
		A9BF7FB7150F057800DD5C4E /* MainStoryboard_iPad.storyboard in Resources */ = {isa = PBXBuildFile; fileRef = A9BF7FB5150F057800DD5C4E /* MainStoryboard_iPad.storyboard */; };
		A9BF7FBA150F057800DD5C4E /* ViewController.m in Sources */ = {isa = PBXBuildFile; fileRef = A9BF7FB9150F057800DD5C4E /* ViewController.m */; };
		A9BF7FE31510105900DD5C4E /* MapViewController.m in Sources */ = {isa = PBXBuildFile; fileRef = A9BF7FE21510105900DD5C4E /* MapViewController.m */; };
		A9BF7FE61510115400DD5C4E /* CoreLocation.framework in Frameworks */ = {isa = PBXBuildFile; fileRef = A9BF7FE51510115400DD5C4E /* CoreLocation.framework */; };
		A9BF7FE81510115D00DD5C4E /* MapKit.framework in Frameworks */ = {isa = PBXBuildFile; fileRef = A9BF7FE71510115D00DD5C4E /* MapKit.framework */; };
		A9BF7FEB151011DB00DD5C4E /* Annotation.m in Sources */ = {isa = PBXBuildFile; fileRef = A9BF7FEA151011DB00DD5C4E /* Annotation.m */; };
		A9CE1FE71511ABD200FF73FA /* RunsViewController.m in Sources */ = {isa = PBXBuildFile; fileRef = A9CE1FE61511ABD200FF73FA /* RunsViewController.m */; };
/* End PBXBuildFile section */

/* Begin PBXFileReference section */
		A95F9A1215ABCBE50069332A /* Icon.png */ = {isa = PBXFileReference; lastKnownFileType = image.png; path = Icon.png; sourceTree = "<group>"; };
		A95F9A1415ABCBEF0069332A /* Icon@2x.png */ = {isa = PBXFileReference; lastKnownFileType = image.png; path = "Icon@2x.png"; sourceTree = "<group>"; };
		A95F9A2015ABF0710069332A /* 07-map-marker.png */ = {isa = PBXFileReference; lastKnownFileType = image.png; path = "07-map-marker.png"; sourceTree = "<group>"; };
		A95F9A2115ABF0710069332A /* 08-chat.png */ = {isa = PBXFileReference; lastKnownFileType = image.png; path = "08-chat.png"; sourceTree = "<group>"; };
		A95F9A2215ABF0710069332A /* 103-map.png */ = {isa = PBXFileReference; lastKnownFileType = image.png; path = "103-map.png"; sourceTree = "<group>"; };
		A95F9A2315ABF0710069332A /* 111-user.png */ = {isa = PBXFileReference; lastKnownFileType = image.png; path = "111-user.png"; sourceTree = "<group>"; };
		A95F9A2415ABF0710069332A /* 112-group.png */ = {isa = PBXFileReference; lastKnownFileType = image.png; path = "112-group.png"; sourceTree = "<group>"; };
		A95F9A2515ABF0710069332A /* 113-navigation.png */ = {isa = PBXFileReference; lastKnownFileType = image.png; path = "113-navigation.png"; sourceTree = "<group>"; };
		A95F9A2615ABF0710069332A /* 122-stats.png */ = {isa = PBXFileReference; lastKnownFileType = image.png; path = "122-stats.png"; sourceTree = "<group>"; };
		A95F9A2715ABF0710069332A /* 139-flags.png */ = {isa = PBXFileReference; lastKnownFileType = image.png; path = "139-flags.png"; sourceTree = "<group>"; };
		A95F9A2815ABF0710069332A /* 167-upload-photo.png */ = {isa = PBXFileReference; lastKnownFileType = image.png; path = "167-upload-photo.png"; sourceTree = "<group>"; };
		A95F9A2915ABF0710069332A /* 193-location-arrow.png */ = {isa = PBXFileReference; lastKnownFileType = image.png; path = "193-location-arrow.png"; sourceTree = "<group>"; };
		A95F9A2A15ABF0710069332A /* 78-stopwatch.png */ = {isa = PBXFileReference; lastKnownFileType = image.png; path = "78-stopwatch.png"; sourceTree = "<group>"; };
		A95F9A2B15ABF0710069332A /* 81-dashboard.png */ = {isa = PBXFileReference; lastKnownFileType = image.png; path = "81-dashboard.png"; sourceTree = "<group>"; };
		A95F9A2C15ABF0710069332A /* 85-trophy.png */ = {isa = PBXFileReference; lastKnownFileType = image.png; path = "85-trophy.png"; sourceTree = "<group>"; };
		A95F9A2D15ABF0710069332A /* 86-camera.png */ = {isa = PBXFileReference; lastKnownFileType = image.png; path = "86-camera.png"; sourceTree = "<group>"; };
		A95F9A2E15ABF0710069332A /* close_button.png */ = {isa = PBXFileReference; lastKnownFileType = image.png; path = close_button.png; sourceTree = "<group>"; };
		A95F9A2F15ABF0710069332A /* resort.jpeg */ = {isa = PBXFileReference; lastKnownFileType = image.jpeg; path = resort.jpeg; sourceTree = "<group>"; };
		A95F9A3015ABF0710069332A /* resort.png */ = {isa = PBXFileReference; lastKnownFileType = image.png; path = resort.png; sourceTree = "<group>"; };
		A95F9A3115ABF0710069332A /* Snowflake1.png */ = {isa = PBXFileReference; lastKnownFileType = image.png; path = Snowflake1.png; sourceTree = "<group>"; };
		A95F9A3215ABF0710069332A /* start-icon.png */ = {isa = PBXFileReference; lastKnownFileType = image.png; path = "start-icon.png"; sourceTree = "<group>"; };
		A95F9A3315ABF0710069332A /* stop-icon.png */ = {isa = PBXFileReference; lastKnownFileType = image.png; path = "stop-icon.png"; sourceTree = "<group>"; };
		A95F9A3415ABF0710069332A /* user.jpeg */ = {isa = PBXFileReference; lastKnownFileType = image.jpeg; path = user.jpeg; sourceTree = "<group>"; };
		A95F9A4B15ABF07B0069332A /* Icon-72.png */ = {isa = PBXFileReference; lastKnownFileType = image.png; path = "Icon-72.png"; sourceTree = "<group>"; };
		A95F9A4C15ABF07B0069332A /* Icon-72@2x.png */ = {isa = PBXFileReference; lastKnownFileType = image.png; path = "Icon-72@2x.png"; sourceTree = "<group>"; };
		A95F9A4D15ABF07B0069332A /* Icon-Small-50.png */ = {isa = PBXFileReference; lastKnownFileType = image.png; path = "Icon-Small-50.png"; sourceTree = "<group>"; };
		A95F9A4E15ABF07B0069332A /* Icon-Small.png */ = {isa = PBXFileReference; lastKnownFileType = image.png; path = "Icon-Small.png"; sourceTree = "<group>"; };
		A95F9A4F15ABF07B0069332A /* Icon-Small@2x.png */ = {isa = PBXFileReference; lastKnownFileType = image.png; path = "Icon-Small@2x.png"; sourceTree = "<group>"; };
		A95F9A5015ABF07B0069332A /* Icon.png */ = {isa = PBXFileReference; lastKnownFileType = image.png; path = Icon.png; sourceTree = "<group>"; };
		A95F9A5115ABF07B0069332A /* Icon@2x.png */ = {isa = PBXFileReference; lastKnownFileType = image.png; path = "Icon@2x.png"; sourceTree = "<group>"; };
		A9B2A0EE151197980028430B /* SkiArray.h */ = {isa = PBXFileReference; fileEncoding = 4; lastKnownFileType = sourcecode.c.h; path = SkiArray.h; sourceTree = "<group>"; };
		A9B2A0EF151197980028430B /* SkiArray.m */ = {isa = PBXFileReference; fileEncoding = 4; lastKnownFileType = sourcecode.c.objc; path = SkiArray.m; sourceTree = "<group>"; };
		A9B2A1071511A6940028430B /* skiRuns.plist */ = {isa = PBXFileReference; fileEncoding = 4; lastKnownFileType = text.plist.xml; path = skiRuns.plist; sourceTree = "<group>"; };
		A9BC2BA515106B230024D690 /* MapDetailViewController.h */ = {isa = PBXFileReference; fileEncoding = 4; lastKnownFileType = sourcecode.c.h; path = MapDetailViewController.h; sourceTree = "<group>"; };
		A9BC2BA615106B230024D690 /* MapDetailViewController.m */ = {isa = PBXFileReference; fileEncoding = 4; lastKnownFileType = sourcecode.c.objc; path = MapDetailViewController.m; sourceTree = "<group>"; };
		A9BF7F9C150F057800DD5C4E /* skiBuddy.app */ = {isa = PBXFileReference; explicitFileType = wrapper.application; includeInIndex = 0; path = skiBuddy.app; sourceTree = BUILT_PRODUCTS_DIR; };
		A9BF7FA0150F057800DD5C4E /* UIKit.framework */ = {isa = PBXFileReference; lastKnownFileType = wrapper.framework; name = UIKit.framework; path = System/Library/Frameworks/UIKit.framework; sourceTree = SDKROOT; };
		A9BF7FA2150F057800DD5C4E /* Foundation.framework */ = {isa = PBXFileReference; lastKnownFileType = wrapper.framework; name = Foundation.framework; path = System/Library/Frameworks/Foundation.framework; sourceTree = SDKROOT; };
		A9BF7FA4150F057800DD5C4E /* CoreGraphics.framework */ = {isa = PBXFileReference; lastKnownFileType = wrapper.framework; name = CoreGraphics.framework; path = System/Library/Frameworks/CoreGraphics.framework; sourceTree = SDKROOT; };
		A9BF7FA8150F057800DD5C4E /* skiBuddy-Info.plist */ = {isa = PBXFileReference; lastKnownFileType = text.plist.xml; path = "skiBuddy-Info.plist"; sourceTree = "<group>"; };
		A9BF7FAA150F057800DD5C4E /* en */ = {isa = PBXFileReference; lastKnownFileType = text.plist.strings; name = en; path = en.lproj/InfoPlist.strings; sourceTree = "<group>"; };
		A9BF7FAC150F057800DD5C4E /* main.m */ = {isa = PBXFileReference; lastKnownFileType = sourcecode.c.objc; path = main.m; sourceTree = "<group>"; };
		A9BF7FAE150F057800DD5C4E /* skiBuddy-Prefix.pch */ = {isa = PBXFileReference; lastKnownFileType = sourcecode.c.h; path = "skiBuddy-Prefix.pch"; sourceTree = "<group>"; };
		A9BF7FAF150F057800DD5C4E /* AppDelegate.h */ = {isa = PBXFileReference; lastKnownFileType = sourcecode.c.h; path = AppDelegate.h; sourceTree = "<group>"; };
		A9BF7FB0150F057800DD5C4E /* AppDelegate.m */ = {isa = PBXFileReference; lastKnownFileType = sourcecode.c.objc; path = AppDelegate.m; sourceTree = "<group>"; };
		A9BF7FB3150F057800DD5C4E /* en */ = {isa = PBXFileReference; lastKnownFileType = file.storyboard; name = en; path = en.lproj/MainStoryboard_iPhone.storyboard; sourceTree = "<group>"; };
		A9BF7FB6150F057800DD5C4E /* en */ = {isa = PBXFileReference; lastKnownFileType = file.storyboard; name = en; path = en.lproj/MainStoryboard_iPad.storyboard; sourceTree = "<group>"; };
		A9BF7FB8150F057800DD5C4E /* ViewController.h */ = {isa = PBXFileReference; lastKnownFileType = sourcecode.c.h; path = ViewController.h; sourceTree = "<group>"; };
		A9BF7FB9150F057800DD5C4E /* ViewController.m */ = {isa = PBXFileReference; lastKnownFileType = sourcecode.c.objc; path = ViewController.m; sourceTree = "<group>"; };
		A9BF7FE11510105900DD5C4E /* MapViewController.h */ = {isa = PBXFileReference; fileEncoding = 4; lastKnownFileType = sourcecode.c.h; path = MapViewController.h; sourceTree = "<group>"; };
		A9BF7FE21510105900DD5C4E /* MapViewController.m */ = {isa = PBXFileReference; fileEncoding = 4; lastKnownFileType = sourcecode.c.objc; path = MapViewController.m; sourceTree = "<group>"; };
		A9BF7FE51510115400DD5C4E /* CoreLocation.framework */ = {isa = PBXFileReference; lastKnownFileType = wrapper.framework; name = CoreLocation.framework; path = System/Library/Frameworks/CoreLocation.framework; sourceTree = SDKROOT; };
		A9BF7FE71510115D00DD5C4E /* MapKit.framework */ = {isa = PBXFileReference; lastKnownFileType = wrapper.framework; name = MapKit.framework; path = System/Library/Frameworks/MapKit.framework; sourceTree = SDKROOT; };
		A9BF7FE9151011DB00DD5C4E /* Annotation.h */ = {isa = PBXFileReference; fileEncoding = 4; lastKnownFileType = sourcecode.c.h; path = Annotation.h; sourceTree = "<group>"; };
		A9BF7FEA151011DB00DD5C4E /* Annotation.m */ = {isa = PBXFileReference; fileEncoding = 4; lastKnownFileType = sourcecode.c.objc; path = Annotation.m; sourceTree = "<group>"; };
		A9CE1FE51511ABD200FF73FA /* RunsViewController.h */ = {isa = PBXFileReference; fileEncoding = 4; lastKnownFileType = sourcecode.c.h; path = RunsViewController.h; sourceTree = "<group>"; };
		A9CE1FE61511ABD200FF73FA /* RunsViewController.m */ = {isa = PBXFileReference; fileEncoding = 4; lastKnownFileType = sourcecode.c.objc; path = RunsViewController.m; sourceTree = "<group>"; };
/* End PBXFileReference section */

/* Begin PBXFrameworksBuildPhase section */
		A9BF7F99150F057800DD5C4E /* Frameworks */ = {
			isa = PBXFrameworksBuildPhase;
			buildActionMask = 2147483647;
			files = (
				A9BF7FE81510115D00DD5C4E /* MapKit.framework in Frameworks */,
				A9BF7FE61510115400DD5C4E /* CoreLocation.framework in Frameworks */,
				A9BF7FA1150F057800DD5C4E /* UIKit.framework in Frameworks */,
				A9BF7FA3150F057800DD5C4E /* Foundation.framework in Frameworks */,
				A9BF7FA5150F057800DD5C4E /* CoreGraphics.framework in Frameworks */,
			);
			runOnlyForDeploymentPostprocessing = 0;
		};
/* End PBXFrameworksBuildPhase section */

/* Begin PBXGroup section */
		A95F9A1F15ABF0710069332A /* graphics */ = {
			isa = PBXGroup;
			children = (
				A95F9A2015ABF0710069332A /* 07-map-marker.png */,
				A95F9A2115ABF0710069332A /* 08-chat.png */,
				A95F9A2215ABF0710069332A /* 103-map.png */,
				A95F9A2315ABF0710069332A /* 111-user.png */,
				A95F9A2415ABF0710069332A /* 112-group.png */,
				A95F9A2515ABF0710069332A /* 113-navigation.png */,
				A95F9A2615ABF0710069332A /* 122-stats.png */,
				A95F9A2715ABF0710069332A /* 139-flags.png */,
				A95F9A2815ABF0710069332A /* 167-upload-photo.png */,
				A95F9A2915ABF0710069332A /* 193-location-arrow.png */,
				A95F9A2A15ABF0710069332A /* 78-stopwatch.png */,
				A95F9A2B15ABF0710069332A /* 81-dashboard.png */,
				A95F9A2C15ABF0710069332A /* 85-trophy.png */,
				A95F9A2D15ABF0710069332A /* 86-camera.png */,
				A95F9A2E15ABF0710069332A /* close_button.png */,
				A95F9A2F15ABF0710069332A /* resort.jpeg */,
				A95F9A3015ABF0710069332A /* resort.png */,
				A95F9A3115ABF0710069332A /* Snowflake1.png */,
				A95F9A3215ABF0710069332A /* start-icon.png */,
				A95F9A3315ABF0710069332A /* stop-icon.png */,
				A95F9A3415ABF0710069332A /* user.jpeg */,
			);
			path = graphics;
			sourceTree = "<group>";
		};
		A95F9A4A15ABF07B0069332A /* resources */ = {
			isa = PBXGroup;
			children = (
				A95F9A4B15ABF07B0069332A /* Icon-72.png */,
				A95F9A4C15ABF07B0069332A /* Icon-72@2x.png */,
				A95F9A4D15ABF07B0069332A /* Icon-Small-50.png */,
				A95F9A4E15ABF07B0069332A /* Icon-Small.png */,
				A95F9A4F15ABF07B0069332A /* Icon-Small@2x.png */,
				A95F9A5015ABF07B0069332A /* Icon.png */,
				A95F9A5115ABF07B0069332A /* Icon@2x.png */,
			);
			path = resources;
			sourceTree = "<group>";
		};
		A9BF7F91150F057800DD5C4E = {
			isa = PBXGroup;
			children = (
				A95F9A1415ABCBEF0069332A /* Icon@2x.png */,
				A95F9A1215ABCBE50069332A /* Icon.png */,
				A9BF7FA6150F057800DD5C4E /* skiBuddy */,
				A9BF7F9F150F057800DD5C4E /* Frameworks */,
				A9BF7F9D150F057800DD5C4E /* Products */,
			);
			sourceTree = "<group>";
		};
		A9BF7F9D150F057800DD5C4E /* Products */ = {
			isa = PBXGroup;
			children = (
				A9BF7F9C150F057800DD5C4E /* skiBuddy.app */,
			);
			name = Products;
			sourceTree = "<group>";
		};
		A9BF7F9F150F057800DD5C4E /* Frameworks */ = {
			isa = PBXGroup;
			children = (
				A9BF7FE71510115D00DD5C4E /* MapKit.framework */,
				A9BF7FE51510115400DD5C4E /* CoreLocation.framework */,
				A9BF7FA0150F057800DD5C4E /* UIKit.framework */,
				A9BF7FA2150F057800DD5C4E /* Foundation.framework */,
				A9BF7FA4150F057800DD5C4E /* CoreGraphics.framework */,
			);
			name = Frameworks;
			sourceTree = "<group>";
		};
		A9BF7FA6150F057800DD5C4E /* skiBuddy */ = {
			isa = PBXGroup;
			children = (
				A95F9A4A15ABF07B0069332A /* resources */,
				A9B2A0EE151197980028430B /* SkiArray.h */,
				A9B2A0EF151197980028430B /* SkiArray.m */,
				A9BF7FE9151011DB00DD5C4E /* Annotation.h */,
				A9BF7FEA151011DB00DD5C4E /* Annotation.m */,
				A9BF7FAF150F057800DD5C4E /* AppDelegate.h */,
				A9BF7FB0150F057800DD5C4E /* AppDelegate.m */,
				A9BF7FB2150F057800DD5C4E /* MainStoryboard_iPhone.storyboard */,
				A9BF7FB5150F057800DD5C4E /* MainStoryboard_iPad.storyboard */,
				A9BF7FB8150F057800DD5C4E /* ViewController.h */,
				A9BF7FB9150F057800DD5C4E /* ViewController.m */,
				A9BF7FE11510105900DD5C4E /* MapViewController.h */,
				A9BF7FE21510105900DD5C4E /* MapViewController.m */,
				A9BC2BA515106B230024D690 /* MapDetailViewController.h */,
				A9BC2BA615106B230024D690 /* MapDetailViewController.m */,
				A9CE1FE51511ABD200FF73FA /* RunsViewController.h */,
				A9CE1FE61511ABD200FF73FA /* RunsViewController.m */,
				A9BF7FA7150F057800DD5C4E /* Supporting Files */,
			);
			path = skiBuddy;
			sourceTree = "<group>";
		};
		A9BF7FA7150F057800DD5C4E /* Supporting Files */ = {
			isa = PBXGroup;
			children = (
				A95F9A1F15ABF0710069332A /* graphics */,
				A9BF7FA8150F057800DD5C4E /* skiBuddy-Info.plist */,
				A9B2A1071511A6940028430B /* skiRuns.plist */,
				A9BF7FA9150F057800DD5C4E /* InfoPlist.strings */,
				A9BF7FAC150F057800DD5C4E /* main.m */,
				A9BF7FAE150F057800DD5C4E /* skiBuddy-Prefix.pch */,
			);
			name = "Supporting Files";
			sourceTree = "<group>";
		};
/* End PBXGroup section */

/* Begin PBXNativeTarget section */
		A9BF7F9B150F057800DD5C4E /* skiBuddy */ = {
			isa = PBXNativeTarget;
			buildConfigurationList = A9BF7FBD150F057800DD5C4E /* Build configuration list for PBXNativeTarget "skiBuddy" */;
			buildPhases = (
				A9BF7F98150F057800DD5C4E /* Sources */,
				A9BF7F99150F057800DD5C4E /* Frameworks */,
				A9BF7F9A150F057800DD5C4E /* Resources */,
			);
			buildRules = (
			);
			dependencies = (
			);
			name = skiBuddy;
			productName = skiBuddy;
			productReference = A9BF7F9C150F057800DD5C4E /* skiBuddy.app */;
			productType = "com.apple.product-type.application";
		};
/* End PBXNativeTarget section */

/* Begin PBXProject section */
		A9BF7F93150F057800DD5C4E /* Project object */ = {
			isa = PBXProject;
			attributes = {
				LastUpgradeCheck = 0420;
			};
			buildConfigurationList = A9BF7F96150F057800DD5C4E /* Build configuration list for PBXProject "skiBuddy" */;
			compatibilityVersion = "Xcode 3.2";
			developmentRegion = English;
			hasScannedForEncodings = 0;
			knownRegions = (
				en,
			);
			mainGroup = A9BF7F91150F057800DD5C4E;
			productRefGroup = A9BF7F9D150F057800DD5C4E /* Products */;
			projectDirPath = "";
			projectRoot = "";
			targets = (
				A9BF7F9B150F057800DD5C4E /* skiBuddy */,
			);
		};
/* End PBXProject section */

/* Begin PBXResourcesBuildPhase section */
		A9BF7F9A150F057800DD5C4E /* Resources */ = {
			isa = PBXResourcesBuildPhase;
			buildActionMask = 2147483647;
			files = (
				A9BF7FAB150F057800DD5C4E /* InfoPlist.strings in Resources */,
				A9BF7FB4150F057800DD5C4E /* MainStoryboard_iPhone.storyboard in Resources */,
				A9BF7FB7150F057800DD5C4E /* MainStoryboard_iPad.storyboard in Resources */,
				A9B2A1081511A6940028430B /* skiRuns.plist in Resources */,
				A95F9A1315ABCBE50069332A /* Icon.png in Resources */,
				A95F9A1515ABCBEF0069332A /* Icon@2x.png in Resources */,
				A95F9A3515ABF0710069332A /* 07-map-marker.png in Resources */,
				A95F9A3615ABF0710069332A /* 08-chat.png in Resources */,
				A95F9A3715ABF0710069332A /* 103-map.png in Resources */,
				A95F9A3815ABF0710069332A /* 111-user.png in Resources */,
				A95F9A3915ABF0710069332A /* 112-group.png in Resources */,
				A95F9A3A15ABF0710069332A /* 113-navigation.png in Resources */,
				A95F9A3B15ABF0710069332A /* 122-stats.png in Resources */,
				A95F9A3C15ABF0710069332A /* 139-flags.png in Resources */,
				A95F9A3D15ABF0710069332A /* 167-upload-photo.png in Resources */,
				A95F9A3E15ABF0710069332A /* 193-location-arrow.png in Resources */,
				A95F9A3F15ABF0710069332A /* 78-stopwatch.png in Resources */,
				A95F9A4015ABF0710069332A /* 81-dashboard.png in Resources */,
				A95F9A4115ABF0710069332A /* 85-trophy.png in Resources */,
				A95F9A4215ABF0710069332A /* 86-camera.png in Resources */,
				A95F9A4315ABF0710069332A /* close_button.png in Resources */,
				A95F9A4415ABF0710069332A /* resort.jpeg in Resources */,
				A95F9A4515ABF0710069332A /* resort.png in Resources */,
				A95F9A4615ABF0710069332A /* Snowflake1.png in Resources */,
				A95F9A4715ABF0710069332A /* start-icon.png in Resources */,
				A95F9A4815ABF0710069332A /* stop-icon.png in Resources */,
				A95F9A4915ABF0710069332A /* user.jpeg in Resources */,
				A95F9A5215ABF07B0069332A /* Icon-72.png in Resources */,
				A95F9A5315ABF07B0069332A /* Icon-72@2x.png in Resources */,
				A95F9A5415ABF07B0069332A /* Icon-Small-50.png in Resources */,
				A95F9A5515ABF07B0069332A /* Icon-Small.png in Resources */,
				A95F9A5615ABF07B0069332A /* Icon-Small@2x.png in Resources */,
				A95F9A5715ABF07B0069332A /* Icon.png in Resources */,
				A95F9A5815ABF07B0069332A /* Icon@2x.png in Resources */,
			);
			runOnlyForDeploymentPostprocessing = 0;
		};
/* End PBXResourcesBuildPhase section */

/* Begin PBXSourcesBuildPhase section */
		A9BF7F98150F057800DD5C4E /* Sources */ = {
			isa = PBXSourcesBuildPhase;
			buildActionMask = 2147483647;
			files = (
				A9BF7FAD150F057800DD5C4E /* main.m in Sources */,
				A9BF7FB1150F057800DD5C4E /* AppDelegate.m in Sources */,
				A9BF7FBA150F057800DD5C4E /* ViewController.m in Sources */,
				A9BF7FE31510105900DD5C4E /* MapViewController.m in Sources */,
				A9BF7FEB151011DB00DD5C4E /* Annotation.m in Sources */,
				A9BC2BA715106B230024D690 /* MapDetailViewController.m in Sources */,
				A9B2A0F0151197980028430B /* SkiArray.m in Sources */,
				A9CE1FE71511ABD200FF73FA /* RunsViewController.m in Sources */,
			);
			runOnlyForDeploymentPostprocessing = 0;
		};
/* End PBXSourcesBuildPhase section */

/* Begin PBXVariantGroup section */
		A9BF7FA9150F057800DD5C4E /* InfoPlist.strings */ = {
			isa = PBXVariantGroup;
			children = (
				A9BF7FAA150F057800DD5C4E /* en */,
			);
			name = InfoPlist.strings;
			sourceTree = "<group>";
		};
		A9BF7FB2150F057800DD5C4E /* MainStoryboard_iPhone.storyboard */ = {
			isa = PBXVariantGroup;
			children = (
				A9BF7FB3150F057800DD5C4E /* en */,
			);
			name = MainStoryboard_iPhone.storyboard;
			sourceTree = "<group>";
		};
		A9BF7FB5150F057800DD5C4E /* MainStoryboard_iPad.storyboard */ = {
			isa = PBXVariantGroup;
			children = (
				A9BF7FB6150F057800DD5C4E /* en */,
			);
			name = MainStoryboard_iPad.storyboard;
			sourceTree = "<group>";
		};
/* End PBXVariantGroup section */

/* Begin XCBuildConfiguration section */
		A9BF7FBB150F057800DD5C4E /* Debug */ = {
			isa = XCBuildConfiguration;
			buildSettings = {
				ALWAYS_SEARCH_USER_PATHS = NO;
				ARCHS = "$(ARCHS_STANDARD_32_BIT)";
				CLANG_ENABLE_OBJC_ARC = YES;
				"CODE_SIGN_IDENTITY[sdk=iphoneos*]" = "iPhone Developer";
				COPY_PHASE_STRIP = NO;
				GCC_C_LANGUAGE_STANDARD = gnu99;
				GCC_DYNAMIC_NO_PIC = NO;
				GCC_OPTIMIZATION_LEVEL = 0;
				GCC_PREPROCESSOR_DEFINITIONS = (
					"DEBUG=1",
					"$(inherited)",
				);
				GCC_SYMBOLS_PRIVATE_EXTERN = NO;
				GCC_VERSION = com.apple.compilers.llvm.clang.1_0;
				GCC_WARN_ABOUT_MISSING_PROTOTYPES = YES;
				GCC_WARN_ABOUT_RETURN_TYPE = YES;
				GCC_WARN_UNUSED_VARIABLE = YES;
				IPHONEOS_DEPLOYMENT_TARGET = 5.0;
				SDKROOT = iphoneos;
				TARGETED_DEVICE_FAMILY = "1,2";
			};
			name = Debug;
		};
		A9BF7FBC150F057800DD5C4E /* Release */ = {
			isa = XCBuildConfiguration;
			buildSettings = {
				ALWAYS_SEARCH_USER_PATHS = NO;
				ARCHS = "$(ARCHS_STANDARD_32_BIT)";
				CLANG_ENABLE_OBJC_ARC = YES;
				"CODE_SIGN_IDENTITY[sdk=iphoneos*]" = "iPhone Developer";
				COPY_PHASE_STRIP = YES;
				GCC_C_LANGUAGE_STANDARD = gnu99;
				GCC_VERSION = com.apple.compilers.llvm.clang.1_0;
				GCC_WARN_ABOUT_MISSING_PROTOTYPES = YES;
				GCC_WARN_ABOUT_RETURN_TYPE = YES;
				GCC_WARN_UNUSED_VARIABLE = YES;
				IPHONEOS_DEPLOYMENT_TARGET = 5.0;
				OTHER_CFLAGS = "-DNS_BLOCK_ASSERTIONS=1";
				SDKROOT = iphoneos;
				TARGETED_DEVICE_FAMILY = "1,2";
				VALIDATE_PRODUCT = YES;
			};
			name = Release;
		};
		A9BF7FBE150F057800DD5C4E /* Debug */ = {
			isa = XCBuildConfiguration;
			buildSettings = {
				GCC_PRECOMPILE_PREFIX_HEADER = YES;
				GCC_PREFIX_HEADER = "skiBuddy/skiBuddy-Prefix.pch";
				INFOPLIST_FILE = "skiBuddy/skiBuddy-Info.plist";
				PRODUCT_NAME = "$(TARGET_NAME)";
				WRAPPER_EXTENSION = app;
			};
			name = Debug;
		};
		A9BF7FBF150F057800DD5C4E /* Release */ = {
			isa = XCBuildConfiguration;
			buildSettings = {
				GCC_PRECOMPILE_PREFIX_HEADER = YES;
				GCC_PREFIX_HEADER = "skiBuddy/skiBuddy-Prefix.pch";
				INFOPLIST_FILE = "skiBuddy/skiBuddy-Info.plist";
				PRODUCT_NAME = "$(TARGET_NAME)";
				WRAPPER_EXTENSION = app;
			};
			name = Release;
		};
/* End XCBuildConfiguration section */

/* Begin XCConfigurationList section */
		A9BF7F96150F057800DD5C4E /* Build configuration list for PBXProject "skiBuddy" */ = {
			isa = XCConfigurationList;
			buildConfigurations = (
				A9BF7FBB150F057800DD5C4E /* Debug */,
				A9BF7FBC150F057800DD5C4E /* Release */,
			);
			defaultConfigurationIsVisible = 0;
			defaultConfigurationName = Release;
		};
		A9BF7FBD150F057800DD5C4E /* Build configuration list for PBXNativeTarget "skiBuddy" */ = {
			isa = XCConfigurationList;
			buildConfigurations = (
				A9BF7FBE150F057800DD5C4E /* Debug */,
				A9BF7FBF150F057800DD5C4E /* Release */,
			);
			defaultConfigurationIsVisible = 0;
			defaultConfigurationName = Release;
		};
/* End XCConfigurationList section */
	};
	rootObject = A9BF7F93150F057800DD5C4E /* Project object */;
}
